
Microsoft Visual Studio Solution File, Format Version 12.00
# Visual Studio 2013
VisualStudioVersion = 12.0.40629.0
MinimumVisualStudioVersion = 10.0.40219.1
Project("{FAE04EC0-301F-11D3-BF4B-00C04F79EFBC}") = "Colony", "Colony\Colony.csproj", "{26A92FA5-BCDC-4821-B08A-28A7B344529B}"
EndProject
Project("{FAE04EC0-301F-11D3-BF4B-00C04F79EFBC}") = "Common", "Common\Common.csproj", "{95F0B93D-BAE8-4420-8387-017442B5F41E}"
EndProject
Project("{FAE04EC0-301F-11D3-BF4B-00C04F79EFBC}") = "Colony.Tests", "Colony.Tests\Colony.Tests.csproj", "{7BE2B6A5-CD67-4E43-AC1A-D2EF2357552C}"
EndProject
Project("{FAE04EC0-301F-11D3-BF4B-00C04F79EFBC}") = "Common.Tests.Extensions", "Common.Tests.Extensions\Common.Tests.Extensions.csproj", "{D9C21628-7727-4909-97EE-9F952DCB504C}"
EndProject
Project("{2150E333-8FDC-42A3-9474-1A3956D46DE8}") = "ColonyService", "ColonyService", "{70C6F7E8-C49F-4F22-B966-C9556609B830}"
EndProject
Project("{FAE04EC0-301F-11D3-BF4B-00C04F79EFBC}") = "Colony.Integration.Tests", "Colony.Integration.Tests\Colony.Integration.Tests.csproj", "{B0E7A6AE-AB2A-4A2E-A4C3-97F679DE991A}"
EndProject
Project("{FAE04EC0-301F-11D3-BF4B-00C04F79EFBC}") = "SelfHosting", "SelfHosting\SelfHosting.csproj", "{CE914BF2-8751-4743-8567-B1465CA9F875}"
EndProject
Project("{2150E333-8FDC-42A3-9474-1A3956D46DE8}") = "CommonService", "CommonService", "{7DB62230-6261-40B9-A154-7B287C7C4ACA}"
EndProject
Project("{FAE04EC0-301F-11D3-BF4B-00C04F79EFBC}") = "Common.Tests", "Common.Tests\Common.Tests.csproj", "{05C83CC1-9DD4-4107-9C48-732E55F0CF3B}"
EndProject
Project("{FAE04EC0-301F-11D3-BF4B-00C04F79EFBC}") = "Colony.SelfHosting", "Colony.SelfHosting\Colony.SelfHosting.csproj", "{1B3E799F-BF04-43A7-ACC9-BA4CC1D4D505}"
EndProject
Project("{2150E333-8FDC-42A3-9474-1A3956D46DE8}") = "ColonySettingsService", "ColonySettingsService", "{CC981FA1-AE38-4A61-8CCA-A6B1ED9A4C04}"
EndProject
Project("{FAE04EC0-301F-11D3-BF4B-00C04F79EFBC}") = "ColonySettings", "ColonySettings\ColonySettings.csproj", "{EF7FB3FB-5426-431E-B110-46C0E62E0429}"
EndProject
Project("{FAE04EC0-301F-11D3-BF4B-00C04F79EFBC}") = "ColonySettings.Tests", "ColonySettings.Tests\ColonySettings.Tests.csproj", "{7EBE691C-093E-4BF3-92A9-74C41A5824ED}"
EndProject
Project("{FAE04EC0-301F-11D3-BF4B-00C04F79EFBC}") = "ColonySettings.Integration.Tests", "ColonySettings.Integration.Tests\ColonySettings.Integration.Tests.csproj", "{D45C7DB6-7FB1-4489-AA58-119CA191828E}"
EndProject
Project("{FAE04EC0-301F-11D3-BF4B-00C04F79EFBC}") = "ColonySettings.SelfHosting", "ColonySettings.SelfHosting\ColonySettings.SelfHosting.csproj", "{45F271B6-9CB9-4497-A30F-32900ADD6775}"
EndProject
Project("{2150E333-8FDC-42A3-9474-1A3956D46DE8}") = "BestTrailService", "BestTrailService", "{AA5E6916-E580-4BD2-8B2D-C17CF9381773}"
EndProject
Project("{FAE04EC0-301F-11D3-BF4B-00C04F79EFBC}") = "BestTrail", "BestTrail\BestTrail.csproj", "{1E88F985-C83B-4F9B-8B14-063F7ACDD551}"
EndProject
Project("{FAE04EC0-301F-11D3-BF4B-00C04F79EFBC}") = "BestTrail.Tests", "BestTrail.Tests\BestTrail.Tests.csproj", "{A92E8ADE-7CE8-49E1-B580-63228A01BDAD}"
EndProject
Project("{FAE04EC0-301F-11D3-BF4B-00C04F79EFBC}") = "BestTrail.Integration.Tests", "BestTrail.Integration.Tests\BestTrail.Integration.Tests.csproj", "{92919598-12A7-4475-8369-93813A84879D}"
EndProject
Project("{FAE04EC0-301F-11D3-BF4B-00C04F79EFBC}") = "BestTrail.SelfHosting", "BestTrail.SelfHosting\BestTrail.SelfHosting.csproj", "{82D9F1C9-960F-41F3-A140-0FF244B987CC}"
EndProject
Project("{FAE04EC0-301F-11D3-BF4B-00C04F79EFBC}") = "RacetrackSettings", "RacetrackSettings\RacetrackSettings.csproj", "{5CFD59A8-CE73-436B-BD56-0A5161074091}"
EndProject
Project("{2150E333-8FDC-42A3-9474-1A3956D46DE8}") = "RacetrackSettingsService", "RacetrackSettingsService", "{107635B4-1DC2-42CD-8FA3-47FBD08E63FF}"
EndProject
Project("{FAE04EC0-301F-11D3-BF4B-00C04F79EFBC}") = "RacetrackSettings.Tests", "RacetrackSettings.Tests\RacetrackSettings.Tests.csproj", "{CCD17268-7E4D-4442-BBB2-C556C8B97D59}"
EndProject
Project("{FAE04EC0-301F-11D3-BF4B-00C04F79EFBC}") = "RacetrackSettings.Integration.Tests", "RacetrackSettings.Integration.Tests\RacetrackSettings.Integration.Tests.csproj", "{34959E30-097D-4B02-A913-76211362D6A7}"
EndProject
Project("{FAE04EC0-301F-11D3-BF4B-00C04F79EFBC}") = "RacetrackSettings.SelfHosting", "RacetrackSettings.SelfHosting\RacetrackSettings.SelfHosting.csproj", "{BFA24F87-2D28-4CF2-B57E-219A1905910A}"
EndProject
Project("{2150E333-8FDC-42A3-9474-1A3956D46DE8}") = "SurveyFeatureService", "SurveyFeatureService", "{7935A914-6482-47AE-98F2-0ED71C997D59}"
EndProject
Project("{FAE04EC0-301F-11D3-BF4B-00C04F79EFBC}") = "SurveyFeature", "SurveyFeature\SurveyFeature.csproj", "{C66DFF3B-3761-469B-8C04-6A19081594F9}"
EndProject
Project("{FAE04EC0-301F-11D3-BF4B-00C04F79EFBC}") = "SurveyFeature.Integration.Tests", "SurveyFeature.Integration.Tests\SurveyFeature.Integration.Tests.csproj", "{7A86EE25-2EC4-412F-B125-8D6FAD5D7D61}"
EndProject
Project("{FAE04EC0-301F-11D3-BF4B-00C04F79EFBC}") = "SurveyFeature.SelfHosting", "SurveyFeature.SelfHosting\SurveyFeature.SelfHosting.csproj", "{D7B20C2D-AC30-47B4-B9A6-77DFD55EB946}"
EndProject
Project("{FAE04EC0-301F-11D3-BF4B-00C04F79EFBC}") = "SurveyFeature.Tests", "SurveyFeature.Tests\SurveyFeature.Tests.csproj", "{AB4B9DF3-B984-4279-B551-F615152B31B5}"
EndProject
Project("{2150E333-8FDC-42A3-9474-1A3956D46DE8}") = "ColonyMonitorService", "ColonyMonitorService", "{2ED5FB34-C2AA-4B2D-ADAE-F6751ABEB22A}"
EndProject
Project("{FAE04EC0-301F-11D3-BF4B-00C04F79EFBC}") = "ColonyMonitor", "ColonyMonitor\ColonyMonitor.csproj", "{BF1DC00C-9F7C-415D-95CE-CE1ECB9BF17D}"
EndProject
Project("{FAE04EC0-301F-11D3-BF4B-00C04F79EFBC}") = "ColonyMonitor.Tests", "ColonyMonitor.Tests\ColonyMonitor.Tests.csproj", "{00098D68-2187-4F23-9D96-646554E99218}"
EndProject
Project("{FAE04EC0-301F-11D3-BF4B-00C04F79EFBC}") = "ColonyMonitor.Console", "ColonyMonitor.Console\ColonyMonitor.Console.csproj", "{2E8D307B-3DBA-416E-812D-2EDF75156971}"
EndProject
Global
	GlobalSection(SolutionConfigurationPlatforms) = preSolution
		Debug|Any CPU = Debug|Any CPU
		Release|Any CPU = Release|Any CPU
	EndGlobalSection
	GlobalSection(ProjectConfigurationPlatforms) = postSolution
		{26A92FA5-BCDC-4821-B08A-28A7B344529B}.Debug|Any CPU.ActiveCfg = Debug|Any CPU
		{26A92FA5-BCDC-4821-B08A-28A7B344529B}.Debug|Any CPU.Build.0 = Debug|Any CPU
		{26A92FA5-BCDC-4821-B08A-28A7B344529B}.Release|Any CPU.ActiveCfg = Release|Any CPU
		{26A92FA5-BCDC-4821-B08A-28A7B344529B}.Release|Any CPU.Build.0 = Release|Any CPU
		{95F0B93D-BAE8-4420-8387-017442B5F41E}.Debug|Any CPU.ActiveCfg = Debug|Any CPU
		{95F0B93D-BAE8-4420-8387-017442B5F41E}.Debug|Any CPU.Build.0 = Debug|Any CPU
		{95F0B93D-BAE8-4420-8387-017442B5F41E}.Release|Any CPU.ActiveCfg = Release|Any CPU
		{95F0B93D-BAE8-4420-8387-017442B5F41E}.Release|Any CPU.Build.0 = Release|Any CPU
		{7BE2B6A5-CD67-4E43-AC1A-D2EF2357552C}.Debug|Any CPU.ActiveCfg = Debug|Any CPU
		{7BE2B6A5-CD67-4E43-AC1A-D2EF2357552C}.Debug|Any CPU.Build.0 = Debug|Any CPU
		{7BE2B6A5-CD67-4E43-AC1A-D2EF2357552C}.Release|Any CPU.ActiveCfg = Release|Any CPU
		{7BE2B6A5-CD67-4E43-AC1A-D2EF2357552C}.Release|Any CPU.Build.0 = Release|Any CPU
		{D9C21628-7727-4909-97EE-9F952DCB504C}.Debug|Any CPU.ActiveCfg = Debug|Any CPU
		{D9C21628-7727-4909-97EE-9F952DCB504C}.Debug|Any CPU.Build.0 = Debug|Any CPU
		{D9C21628-7727-4909-97EE-9F952DCB504C}.Release|Any CPU.ActiveCfg = Release|Any CPU
		{D9C21628-7727-4909-97EE-9F952DCB504C}.Release|Any CPU.Build.0 = Release|Any CPU
		{B0E7A6AE-AB2A-4A2E-A4C3-97F679DE991A}.Debug|Any CPU.ActiveCfg = Debug|Any CPU
		{B0E7A6AE-AB2A-4A2E-A4C3-97F679DE991A}.Debug|Any CPU.Build.0 = Debug|Any CPU
		{B0E7A6AE-AB2A-4A2E-A4C3-97F679DE991A}.Release|Any CPU.ActiveCfg = Release|Any CPU
		{B0E7A6AE-AB2A-4A2E-A4C3-97F679DE991A}.Release|Any CPU.Build.0 = Release|Any CPU
		{CE914BF2-8751-4743-8567-B1465CA9F875}.Debug|Any CPU.ActiveCfg = Debug|Any CPU
		{CE914BF2-8751-4743-8567-B1465CA9F875}.Debug|Any CPU.Build.0 = Debug|Any CPU
		{CE914BF2-8751-4743-8567-B1465CA9F875}.Release|Any CPU.ActiveCfg = Release|Any CPU
		{CE914BF2-8751-4743-8567-B1465CA9F875}.Release|Any CPU.Build.0 = Release|Any CPU
		{05C83CC1-9DD4-4107-9C48-732E55F0CF3B}.Debug|Any CPU.ActiveCfg = Debug|Any CPU
		{05C83CC1-9DD4-4107-9C48-732E55F0CF3B}.Debug|Any CPU.Build.0 = Debug|Any CPU
		{05C83CC1-9DD4-4107-9C48-732E55F0CF3B}.Release|Any CPU.ActiveCfg = Release|Any CPU
		{05C83CC1-9DD4-4107-9C48-732E55F0CF3B}.Release|Any CPU.Build.0 = Release|Any CPU
		{1B3E799F-BF04-43A7-ACC9-BA4CC1D4D505}.Debug|Any CPU.ActiveCfg = Debug|Any CPU
		{1B3E799F-BF04-43A7-ACC9-BA4CC1D4D505}.Debug|Any CPU.Build.0 = Debug|Any CPU
		{1B3E799F-BF04-43A7-ACC9-BA4CC1D4D505}.Release|Any CPU.ActiveCfg = Release|Any CPU
		{1B3E799F-BF04-43A7-ACC9-BA4CC1D4D505}.Release|Any CPU.Build.0 = Release|Any CPU
		{EF7FB3FB-5426-431E-B110-46C0E62E0429}.Debug|Any CPU.ActiveCfg = Debug|Any CPU
		{EF7FB3FB-5426-431E-B110-46C0E62E0429}.Debug|Any CPU.Build.0 = Debug|Any CPU
		{EF7FB3FB-5426-431E-B110-46C0E62E0429}.Release|Any CPU.ActiveCfg = Release|Any CPU
		{EF7FB3FB-5426-431E-B110-46C0E62E0429}.Release|Any CPU.Build.0 = Release|Any CPU
		{7EBE691C-093E-4BF3-92A9-74C41A5824ED}.Debug|Any CPU.ActiveCfg = Debug|Any CPU
		{7EBE691C-093E-4BF3-92A9-74C41A5824ED}.Debug|Any CPU.Build.0 = Debug|Any CPU
		{7EBE691C-093E-4BF3-92A9-74C41A5824ED}.Release|Any CPU.ActiveCfg = Release|Any CPU
		{7EBE691C-093E-4BF3-92A9-74C41A5824ED}.Release|Any CPU.Build.0 = Release|Any CPU
		{D45C7DB6-7FB1-4489-AA58-119CA191828E}.Debug|Any CPU.ActiveCfg = Debug|Any CPU
		{D45C7DB6-7FB1-4489-AA58-119CA191828E}.Debug|Any CPU.Build.0 = Debug|Any CPU
		{D45C7DB6-7FB1-4489-AA58-119CA191828E}.Release|Any CPU.ActiveCfg = Release|Any CPU
		{D45C7DB6-7FB1-4489-AA58-119CA191828E}.Release|Any CPU.Build.0 = Release|Any CPU
		{45F271B6-9CB9-4497-A30F-32900ADD6775}.Debug|Any CPU.ActiveCfg = Debug|Any CPU
		{45F271B6-9CB9-4497-A30F-32900ADD6775}.Debug|Any CPU.Build.0 = Debug|Any CPU
		{45F271B6-9CB9-4497-A30F-32900ADD6775}.Release|Any CPU.ActiveCfg = Release|Any CPU
		{45F271B6-9CB9-4497-A30F-32900ADD6775}.Release|Any CPU.Build.0 = Release|Any CPU
		{1E88F985-C83B-4F9B-8B14-063F7ACDD551}.Debug|Any CPU.ActiveCfg = Debug|Any CPU
		{1E88F985-C83B-4F9B-8B14-063F7ACDD551}.Debug|Any CPU.Build.0 = Debug|Any CPU
		{1E88F985-C83B-4F9B-8B14-063F7ACDD551}.Release|Any CPU.ActiveCfg = Release|Any CPU
		{1E88F985-C83B-4F9B-8B14-063F7ACDD551}.Release|Any CPU.Build.0 = Release|Any CPU
		{A92E8ADE-7CE8-49E1-B580-63228A01BDAD}.Debug|Any CPU.ActiveCfg = Debug|Any CPU
		{A92E8ADE-7CE8-49E1-B580-63228A01BDAD}.Debug|Any CPU.Build.0 = Debug|Any CPU
		{A92E8ADE-7CE8-49E1-B580-63228A01BDAD}.Release|Any CPU.ActiveCfg = Release|Any CPU
		{A92E8ADE-7CE8-49E1-B580-63228A01BDAD}.Release|Any CPU.Build.0 = Release|Any CPU
		{92919598-12A7-4475-8369-93813A84879D}.Debug|Any CPU.ActiveCfg = Debug|Any CPU
		{92919598-12A7-4475-8369-93813A84879D}.Debug|Any CPU.Build.0 = Debug|Any CPU
		{92919598-12A7-4475-8369-93813A84879D}.Release|Any CPU.ActiveCfg = Release|Any CPU
		{92919598-12A7-4475-8369-93813A84879D}.Release|Any CPU.Build.0 = Release|Any CPU
		{82D9F1C9-960F-41F3-A140-0FF244B987CC}.Debug|Any CPU.ActiveCfg = Debug|Any CPU
		{82D9F1C9-960F-41F3-A140-0FF244B987CC}.Debug|Any CPU.Build.0 = Debug|Any CPU
		{82D9F1C9-960F-41F3-A140-0FF244B987CC}.Release|Any CPU.ActiveCfg = Release|Any CPU
		{82D9F1C9-960F-41F3-A140-0FF244B987CC}.Release|Any CPU.Build.0 = Release|Any CPU
		{5CFD59A8-CE73-436B-BD56-0A5161074091}.Debug|Any CPU.ActiveCfg = Debug|Any CPU
		{5CFD59A8-CE73-436B-BD56-0A5161074091}.Debug|Any CPU.Build.0 = Debug|Any CPU
		{5CFD59A8-CE73-436B-BD56-0A5161074091}.Release|Any CPU.ActiveCfg = Release|Any CPU
		{5CFD59A8-CE73-436B-BD56-0A5161074091}.Release|Any CPU.Build.0 = Release|Any CPU
		{CCD17268-7E4D-4442-BBB2-C556C8B97D59}.Debug|Any CPU.ActiveCfg = Debug|Any CPU
		{CCD17268-7E4D-4442-BBB2-C556C8B97D59}.Debug|Any CPU.Build.0 = Debug|Any CPU
		{CCD17268-7E4D-4442-BBB2-C556C8B97D59}.Release|Any CPU.ActiveCfg = Release|Any CPU
		{CCD17268-7E4D-4442-BBB2-C556C8B97D59}.Release|Any CPU.Build.0 = Release|Any CPU
		{34959E30-097D-4B02-A913-76211362D6A7}.Debug|Any CPU.ActiveCfg = Debug|Any CPU
		{34959E30-097D-4B02-A913-76211362D6A7}.Debug|Any CPU.Build.0 = Debug|Any CPU
		{34959E30-097D-4B02-A913-76211362D6A7}.Release|Any CPU.ActiveCfg = Release|Any CPU
		{34959E30-097D-4B02-A913-76211362D6A7}.Release|Any CPU.Build.0 = Release|Any CPU
		{BFA24F87-2D28-4CF2-B57E-219A1905910A}.Debug|Any CPU.ActiveCfg = Debug|Any CPU
		{BFA24F87-2D28-4CF2-B57E-219A1905910A}.Debug|Any CPU.Build.0 = Debug|Any CPU
		{BFA24F87-2D28-4CF2-B57E-219A1905910A}.Release|Any CPU.ActiveCfg = Release|Any CPU
		{BFA24F87-2D28-4CF2-B57E-219A1905910A}.Release|Any CPU.Build.0 = Release|Any CPU
		{C66DFF3B-3761-469B-8C04-6A19081594F9}.Debug|Any CPU.ActiveCfg = Debug|Any CPU
		{C66DFF3B-3761-469B-8C04-6A19081594F9}.Debug|Any CPU.Build.0 = Debug|Any CPU
		{C66DFF3B-3761-469B-8C04-6A19081594F9}.Release|Any CPU.ActiveCfg = Release|Any CPU
		{C66DFF3B-3761-469B-8C04-6A19081594F9}.Release|Any CPU.Build.0 = Release|Any CPU
		{7A86EE25-2EC4-412F-B125-8D6FAD5D7D61}.Debug|Any CPU.ActiveCfg = Debug|Any CPU
		{7A86EE25-2EC4-412F-B125-8D6FAD5D7D61}.Debug|Any CPU.Build.0 = Debug|Any CPU
		{7A86EE25-2EC4-412F-B125-8D6FAD5D7D61}.Release|Any CPU.ActiveCfg = Release|Any CPU
		{7A86EE25-2EC4-412F-B125-8D6FAD5D7D61}.Release|Any CPU.Build.0 = Release|Any CPU
		{D7B20C2D-AC30-47B4-B9A6-77DFD55EB946}.Debug|Any CPU.ActiveCfg = Debug|Any CPU
		{D7B20C2D-AC30-47B4-B9A6-77DFD55EB946}.Debug|Any CPU.Build.0 = Debug|Any CPU
		{D7B20C2D-AC30-47B4-B9A6-77DFD55EB946}.Release|Any CPU.ActiveCfg = Release|Any CPU
		{D7B20C2D-AC30-47B4-B9A6-77DFD55EB946}.Release|Any CPU.Build.0 = Release|Any CPU
		{AB4B9DF3-B984-4279-B551-F615152B31B5}.Debug|Any CPU.ActiveCfg = Debug|Any CPU
		{AB4B9DF3-B984-4279-B551-F615152B31B5}.Debug|Any CPU.Build.0 = Debug|Any CPU
		{AB4B9DF3-B984-4279-B551-F615152B31B5}.Release|Any CPU.ActiveCfg = Release|Any CPU
		{AB4B9DF3-B984-4279-B551-F615152B31B5}.Release|Any CPU.Build.0 = Release|Any CPU
		{BF1DC00C-9F7C-415D-95CE-CE1ECB9BF17D}.Debug|Any CPU.ActiveCfg = Debug|Any CPU
		{BF1DC00C-9F7C-415D-95CE-CE1ECB9BF17D}.Debug|Any CPU.Build.0 = Debug|Any CPU
		{BF1DC00C-9F7C-415D-95CE-CE1ECB9BF17D}.Release|Any CPU.ActiveCfg = Release|Any CPU
		{BF1DC00C-9F7C-415D-95CE-CE1ECB9BF17D}.Release|Any CPU.Build.0 = Release|Any CPU
		{00098D68-2187-4F23-9D96-646554E99218}.Debug|Any CPU.ActiveCfg = Debug|Any CPU
		{00098D68-2187-4F23-9D96-646554E99218}.Debug|Any CPU.Build.0 = Debug|Any CPU
		{00098D68-2187-4F23-9D96-646554E99218}.Release|Any CPU.ActiveCfg = Release|Any CPU
		{00098D68-2187-4F23-9D96-646554E99218}.Release|Any CPU.Build.0 = Release|Any CPU
		{2E8D307B-3DBA-416E-812D-2EDF75156971}.Debug|Any CPU.ActiveCfg = Debug|Any CPU
		{2E8D307B-3DBA-416E-812D-2EDF75156971}.Debug|Any CPU.Build.0 = Debug|Any CPU
		{2E8D307B-3DBA-416E-812D-2EDF75156971}.Release|Any CPU.ActiveCfg = Release|Any CPU
		{2E8D307B-3DBA-416E-812D-2EDF75156971}.Release|Any CPU.Build.0 = Release|Any CPU
	EndGlobalSection
	GlobalSection(SolutionProperties) = preSolution
		HideSolutionNode = FALSE
	EndGlobalSection
	GlobalSection(NestedProjects) = preSolution
		{26A92FA5-BCDC-4821-B08A-28A7B344529B} = {70C6F7E8-C49F-4F22-B966-C9556609B830}
		{95F0B93D-BAE8-4420-8387-017442B5F41E} = {7DB62230-6261-40B9-A154-7B287C7C4ACA}
		{7BE2B6A5-CD67-4E43-AC1A-D2EF2357552C} = {70C6F7E8-C49F-4F22-B966-C9556609B830}
		{D9C21628-7727-4909-97EE-9F952DCB504C} = {7DB62230-6261-40B9-A154-7B287C7C4ACA}
		{B0E7A6AE-AB2A-4A2E-A4C3-97F679DE991A} = {70C6F7E8-C49F-4F22-B966-C9556609B830}
		{05C83CC1-9DD4-4107-9C48-732E55F0CF3B} = {7DB62230-6261-40B9-A154-7B287C7C4ACA}
		{1B3E799F-BF04-43A7-ACC9-BA4CC1D4D505} = {70C6F7E8-C49F-4F22-B966-C9556609B830}
		{EF7FB3FB-5426-431E-B110-46C0E62E0429} = {CC981FA1-AE38-4A61-8CCA-A6B1ED9A4C04}
		{7EBE691C-093E-4BF3-92A9-74C41A5824ED} = {CC981FA1-AE38-4A61-8CCA-A6B1ED9A4C04}
		{D45C7DB6-7FB1-4489-AA58-119CA191828E} = {CC981FA1-AE38-4A61-8CCA-A6B1ED9A4C04}
		{45F271B6-9CB9-4497-A30F-32900ADD6775} = {CC981FA1-AE38-4A61-8CCA-A6B1ED9A4C04}
		{1E88F985-C83B-4F9B-8B14-063F7ACDD551} = {AA5E6916-E580-4BD2-8B2D-C17CF9381773}
		{A92E8ADE-7CE8-49E1-B580-63228A01BDAD} = {AA5E6916-E580-4BD2-8B2D-C17CF9381773}
		{92919598-12A7-4475-8369-93813A84879D} = {AA5E6916-E580-4BD2-8B2D-C17CF9381773}
		{82D9F1C9-960F-41F3-A140-0FF244B987CC} = {AA5E6916-E580-4BD2-8B2D-C17CF9381773}
		{5CFD59A8-CE73-436B-BD56-0A5161074091} = {107635B4-1DC2-42CD-8FA3-47FBD08E63FF}
		{CCD17268-7E4D-4442-BBB2-C556C8B97D59} = {107635B4-1DC2-42CD-8FA3-47FBD08E63FF}
		{34959E30-097D-4B02-A913-76211362D6A7} = {107635B4-1DC2-42CD-8FA3-47FBD08E63FF}
		{BFA24F87-2D28-4CF2-B57E-219A1905910A} = {107635B4-1DC2-42CD-8FA3-47FBD08E63FF}
		{C66DFF3B-3761-469B-8C04-6A19081594F9} = {7935A914-6482-47AE-98F2-0ED71C997D59}
		{7A86EE25-2EC4-412F-B125-8D6FAD5D7D61} = {7935A914-6482-47AE-98F2-0ED71C997D59}
		{D7B20C2D-AC30-47B4-B9A6-77DFD55EB946} = {7935A914-6482-47AE-98F2-0ED71C997D59}
		{AB4B9DF3-B984-4279-B551-F615152B31B5} = {7935A914-6482-47AE-98F2-0ED71C997D59}
		{BF1DC00C-9F7C-415D-95CE-CE1ECB9BF17D} = {2ED5FB34-C2AA-4B2D-ADAE-F6751ABEB22A}
		{00098D68-2187-4F23-9D96-646554E99218} = {2ED5FB34-C2AA-4B2D-ADAE-F6751ABEB22A}
		{2E8D307B-3DBA-416E-812D-2EDF75156971} = {2ED5FB34-C2AA-4B2D-ADAE-F6751ABEB22A}
	EndGlobalSection
EndGlobal
